{
  "name": "NavigationTutorial",
  "version": "1.0.0",
  "lockfileVersion": 1,
  "requires": true,
  "dependencies": {
    "@openui5/sap.m": {
      "version": "1.65.1",
      "resolved": "https://registry.npmjs.org/@openui5/sap.m/-/sap.m-1.65.1.tgz",
      "integrity": "sha512-tlmzRb20TT060AWTSFIk07aHT5KyzCPCift5I7IexaxvZGNmSa4tbIuxcHD6WtZXMSppNqs1jBFYCXxdS115sQ==",
      "requires": {
        "@openui5/sap.ui.core": "1.65.1",
        "@openui5/sap.ui.unified": "1.65.1"
      }
    },
    "@openui5/sap.ui.core": {
      "version": "1.65.1",
      "resolved": "https://registry.npmjs.org/@openui5/sap.ui.core/-/sap.ui.core-1.65.1.tgz",
      "integrity": "sha512-ijQV4XCz2U01VgG6KuAXfPNaDws6M2qH9qI+o0Ga6uUoipgTcVj9aZ1EuiID2rT6Xsf6O1gRD18zyjp8cus7gQ=="
    },
    "@openui5/sap.ui.unified": {
      "version": "1.65.1",
      "resolved": "https://registry.npmjs.org/@openui5/sap.ui.unified/-/sap.ui.unified-1.65.1.tgz",
      "integrity": "sha512-accO+8SxvLHKuNnQu7pvoakXdUX/vv40q60aTz8Tvh2Ef5LnenCT7CZlE3JMcjKjHpT4VwPjhrp6NFatA5ALww==",
      "requires": {
        "@openui5/sap.ui.core": "1.65.1"
      }
    },
    "@openui5/themelib_sap_belize": {
      "version": "1.65.1",
      "resolved": "https://registry.npmjs.org/@openui5/themelib_sap_belize/-/themelib_sap_belize-1.65.1.tgz",
      "integrity": "sha512-1eFvbcsGB645eNvmyndyc7kCxcRsRkNCdKyBFfY/LSU0MIPA2Q/vZMrQJKj8ZWpLx2BDVg7PYZMKJDeXHtbfbQ=="
    }
  }
}
